// !$*UTF8*$!
{
	archiveVersion = 1;
	classes = {
	};
	objectVersion = 46;
	objects = {

/* Begin PBXBuildFile section */
		A35AE8EE16E971C500288C41 /* FMDatabase.m in Sources */ = {isa = PBXBuildFile; fileRef = A3E9DDA416E2C10900F5E3CF /* FMDatabase.m */; };
		A35AE8EF16E971C500288C41 /* FMDatabaseAdditions.m in Sources */ = {isa = PBXBuildFile; fileRef = A3E9DDA616E2C10900F5E3CF /* FMDatabaseAdditions.m */; };
		A35AE8F016E971C500288C41 /* FMDatabasePool.m in Sources */ = {isa = PBXBuildFile; fileRef = A3E9DDA816E2C10900F5E3CF /* FMDatabasePool.m */; };
		A35AE8F116E971C500288C41 /* FMDatabaseQueue.m in Sources */ = {isa = PBXBuildFile; fileRef = A3E9DDAA16E2C10900F5E3CF /* FMDatabaseQueue.m */; };
		A35AE8F216E971C500288C41 /* FMResultSet.m in Sources */ = {isa = PBXBuildFile; fileRef = A3E9DDAD16E2C10900F5E3CF /* FMResultSet.m */; };
		A35AE8F316E977DE00288C41 /* DTCustomColoredAccessory.m in Sources */ = {isa = PBXBuildFile; fileRef = A3E9DDC416E2D16100F5E3CF /* DTCustomColoredAccessory.m */; };
		A35AE8F816EAD5C200288C41 /* Social.framework in Frameworks */ = {isa = PBXBuildFile; fileRef = A35AE8F716EAD5C200288C41 /* Social.framework */; };
		A35AE8FB16EBB5ED00288C41 /* namecellCell.m in Sources */ = {isa = PBXBuildFile; fileRef = A35AE8FA16EBB5ED00288C41 /* namecellCell.m */; };
		A35AE8FD16EBB7C800288C41 /* namecell.xib in Resources */ = {isa = PBXBuildFile; fileRef = A35AE8FC16EBB7C800288C41 /* namecell.xib */; };
		A35AE90916EBC85C00288C41 /* animal_number_0.png in Resources */ = {isa = PBXBuildFile; fileRef = A35AE8FF16EBC85C00288C41 /* animal_number_0.png */; };
		A35AE90A16EBC85C00288C41 /* animal_number_1.png in Resources */ = {isa = PBXBuildFile; fileRef = A35AE90016EBC85C00288C41 /* animal_number_1.png */; };
		A35AE90B16EBC85C00288C41 /* animal_number_2.png in Resources */ = {isa = PBXBuildFile; fileRef = A35AE90116EBC85C00288C41 /* animal_number_2.png */; };
		A35AE90C16EBC85C00288C41 /* animal_number_3.png in Resources */ = {isa = PBXBuildFile; fileRef = A35AE90216EBC85C00288C41 /* animal_number_3.png */; };
		A35AE90D16EBC85C00288C41 /* animal_number_4.png in Resources */ = {isa = PBXBuildFile; fileRef = A35AE90316EBC85C00288C41 /* animal_number_4.png */; };
		A35AE90E16EBC85C00288C41 /* animal_number_5.png in Resources */ = {isa = PBXBuildFile; fileRef = A35AE90416EBC85C00288C41 /* animal_number_5.png */; };
		A35AE90F16EBC85C00288C41 /* animal_number_6.png in Resources */ = {isa = PBXBuildFile; fileRef = A35AE90516EBC85C00288C41 /* animal_number_6.png */; };
		A35AE91016EBC85C00288C41 /* animal_number_7.png in Resources */ = {isa = PBXBuildFile; fileRef = A35AE90616EBC85C00288C41 /* animal_number_7.png */; };
		A35AE91116EBC85C00288C41 /* animal_number_8.png in Resources */ = {isa = PBXBuildFile; fileRef = A35AE90716EBC85C00288C41 /* animal_number_8.png */; };
		A35AE91216EBC85C00288C41 /* animal_number_9.png in Resources */ = {isa = PBXBuildFile; fileRef = A35AE90816EBC85C00288C41 /* animal_number_9.png */; };
		A35AE91416EBF79B00288C41 /* calendar.ico in Resources */ = {isa = PBXBuildFile; fileRef = A35AE91316EBF79B00288C41 /* calendar.ico */; };
		A35AE91816ED039100288C41 /* twitter.png in Resources */ = {isa = PBXBuildFile; fileRef = A35AE91716ED039100288C41 /* twitter.png */; };
		A35AE91B16ED2ABF00288C41 /* searchcellCell.m in Sources */ = {isa = PBXBuildFile; fileRef = A35AE91A16ED2ABE00288C41 /* searchcellCell.m */; };
		A35AE91D16ED2AD500288C41 /* searchcell.xib in Resources */ = {isa = PBXBuildFile; fileRef = A35AE91C16ED2AD400288C41 /* searchcell.xib */; };
		A35AE91F16ED3D8700288C41 /* Unisex.ico in Resources */ = {isa = PBXBuildFile; fileRef = A35AE91E16ED3D8700288C41 /* Unisex.ico */; };
		A35AE92216ED3E6000288C41 /* unisex.m in Sources */ = {isa = PBXBuildFile; fileRef = A35AE92116ED3E5F00288C41 /* unisex.m */; };
		A35AE92516ED432800288C41 /* unisexCell.m in Sources */ = {isa = PBXBuildFile; fileRef = A35AE92416ED432800288C41 /* unisexCell.m */; };
		A35AE92716ED434000288C41 /* unisex.xib in Resources */ = {isa = PBXBuildFile; fileRef = A35AE92616ED433F00288C41 /* unisex.xib */; };
		A36C082816ED586D00395146 /* E-mail-icon.png in Resources */ = {isa = PBXBuildFile; fileRef = A36C082716ED586D00395146 /* E-mail-icon.png */; };
		A36C082A16ED59D400395146 /* MessageUI.framework in Frameworks */ = {isa = PBXBuildFile; fileRef = A36C082916ED59D400395146 /* MessageUI.framework */; };
		A379C43816E3B6CB005133EE /* background2.jpg in Resources */ = {isa = PBXBuildFile; fileRef = A379C43716E3B6CB005133EE /* background2.jpg */; };
		A379C43A16E3B882005133EE /* help_and_support.ico in Resources */ = {isa = PBXBuildFile; fileRef = A379C43916E3B882005133EE /* help_and_support.ico */; };
		A379C43C16E3C156005133EE /* Settings.bundle in Resources */ = {isa = PBXBuildFile; fileRef = A379C43B16E3C156005133EE /* Settings.bundle */; };
		A379C43D16E3D7F2005133EE /* TicTacToe.m in Sources */ = {isa = PBXBuildFile; fileRef = A3E9DDCD16E2F03500F5E3CF /* TicTacToe.m */; };
		A3B0CDB116E41AF5001EF5B4 /* gamecenter.jpg in Resources */ = {isa = PBXBuildFile; fileRef = A3B0CDB016E41AF5001EF5B4 /* gamecenter.jpg */; };
		A3B0CDB516E41F58001EF5B4 /* Podium.png in Resources */ = {isa = PBXBuildFile; fileRef = A3B0CDB416E41F58001EF5B4 /* Podium.png */; };
		A3B0CDC216E42F7F001EF5B4 /* QuartzCore.framework in Frameworks */ = {isa = PBXBuildFile; fileRef = A3B0CDC116E42F7F001EF5B4 /* QuartzCore.framework */; };
		A3E9DD5616E28D2600F5E3CF /* UIKit.framework in Frameworks */ = {isa = PBXBuildFile; fileRef = A3E9DD5516E28D2600F5E3CF /* UIKit.framework */; };
		A3E9DD5816E28D2600F5E3CF /* Foundation.framework in Frameworks */ = {isa = PBXBuildFile; fileRef = A3E9DD5716E28D2600F5E3CF /* Foundation.framework */; };
		A3E9DD5A16E28D2600F5E3CF /* CoreGraphics.framework in Frameworks */ = {isa = PBXBuildFile; fileRef = A3E9DD5916E28D2600F5E3CF /* CoreGraphics.framework */; };
		A3E9DD6016E28D2600F5E3CF /* InfoPlist.strings in Resources */ = {isa = PBXBuildFile; fileRef = A3E9DD5E16E28D2600F5E3CF /* InfoPlist.strings */; };
		A3E9DD6216E28D2600F5E3CF /* main.m in Sources */ = {isa = PBXBuildFile; fileRef = A3E9DD6116E28D2600F5E3CF /* main.m */; };
		A3E9DD6616E28D2600F5E3CF /* AppDelegate.m in Sources */ = {isa = PBXBuildFile; fileRef = A3E9DD6516E28D2600F5E3CF /* AppDelegate.m */; };
		A3E9DD6816E28D2600F5E3CF /* Default.png in Resources */ = {isa = PBXBuildFile; fileRef = A3E9DD6716E28D2600F5E3CF /* Default.png */; };
		A3E9DD6A16E28D2600F5E3CF /* Default@2x.png in Resources */ = {isa = PBXBuildFile; fileRef = A3E9DD6916E28D2600F5E3CF /* Default@2x.png */; };
		A3E9DD6C16E28D2600F5E3CF /* Default-568h@2x.png in Resources */ = {isa = PBXBuildFile; fileRef = A3E9DD6B16E28D2600F5E3CF /* Default-568h@2x.png */; };
		A3E9DD6F16E28D2600F5E3CF /* iPhone5.storyboard in Resources */ = {isa = PBXBuildFile; fileRef = A3E9DD6D16E28D2600F5E3CF /* iPhone5.storyboard */; };
		A3E9DD7216E28D2600F5E3CF /* iPad.storyboard in Resources */ = {isa = PBXBuildFile; fileRef = A3E9DD7016E28D2600F5E3CF /* iPad.storyboard */; };
		A3E9DD7516E28D2600F5E3CF /* ViewController.m in Sources */ = {isa = PBXBuildFile; fileRef = A3E9DD7416E28D2600F5E3CF /* ViewController.m */; };
		A3E9DD7D16E2916E00F5E3CF /* iPhone4.storyboard in Resources */ = {isa = PBXBuildFile; fileRef = A3E9DD7B16E2916E00F5E3CF /* iPhone4.storyboard */; };
		A3E9DD8216E2ABBB00F5E3CF /* welcome-ipad.jpg in Resources */ = {isa = PBXBuildFile; fileRef = A3E9DD8116E2ABBB00F5E3CF /* welcome-ipad.jpg */; };
		A3E9DD8816E2BEF700F5E3CF /* support.m in Sources */ = {isa = PBXBuildFile; fileRef = A3E9DD8716E2BEF700F5E3CF /* support.m */; };
		A3E9DD8B16E2BF1B00F5E3CF /* tictactoe_game.m in Sources */ = {isa = PBXBuildFile; fileRef = A3E9DD8A16E2BF1B00F5E3CF /* tictactoe_game.m */; };
		A3E9DD8D16E2BF8A00F5E3CF /* GameKit.framework in Frameworks */ = {isa = PBXBuildFile; fileRef = A3E9DD8C16E2BF8A00F5E3CF /* GameKit.framework */; };
		A3E9DD8F16E2BF9C00F5E3CF /* libsqlite3.dylib in Frameworks */ = {isa = PBXBuildFile; fileRef = A3E9DD8E16E2BF9C00F5E3CF /* libsqlite3.dylib */; };
		A3E9DD9916E2C08C00F5E3CF /* blank.png in Resources */ = {isa = PBXBuildFile; fileRef = A3E9DD9316E2C08C00F5E3CF /* blank.png */; };
		A3E9DD9A16E2C08C00F5E3CF /* o.png in Resources */ = {isa = PBXBuildFile; fileRef = A3E9DD9416E2C08C00F5E3CF /* o.png */; };
		A3E9DD9B16E2C08C00F5E3CF /* o1.png in Resources */ = {isa = PBXBuildFile; fileRef = A3E9DD9516E2C08C00F5E3CF /* o1.png */; };
		A3E9DD9C16E2C08C00F5E3CF /* x.png in Resources */ = {isa = PBXBuildFile; fileRef = A3E9DD9616E2C08C00F5E3CF /* x.png */; };
		A3E9DD9D16E2C08C00F5E3CF /* x1.png in Resources */ = {isa = PBXBuildFile; fileRef = A3E9DD9716E2C08C00F5E3CF /* x1.png */; };
		A3E9DDA016E2C0D900F5E3CF /* United-States-Flag-icon.png in Resources */ = {isa = PBXBuildFile; fileRef = A3E9DD9E16E2C0D900F5E3CF /* United-States-Flag-icon.png */; };
		A3E9DDA116E2C0D900F5E3CF /* Canada-Flag-icon.png in Resources */ = {isa = PBXBuildFile; fileRef = A3E9DD9F16E2C0D900F5E3CF /* Canada-Flag-icon.png */; };
		A3E9DDB016E2C14100F5E3CF /* Female.ico in Resources */ = {isa = PBXBuildFile; fileRef = A3E9DDAE16E2C14100F5E3CF /* Female.ico */; };
		A3E9DDB116E2C14100F5E3CF /* Male.ico in Resources */ = {isa = PBXBuildFile; fileRef = A3E9DDAF16E2C14100F5E3CF /* Male.ico */; };
		A3E9DDB316E2C17000F5E3CF /* tic-tac-toe.png in Resources */ = {isa = PBXBuildFile; fileRef = A3E9DDB216E2C17000F5E3CF /* tic-tac-toe.png */; };
		A3E9DDB416E2C1AE00F5E3CF /* brandnames.sqlite in Resources */ = {isa = PBXBuildFile; fileRef = A3E9DD9016E2BFD800F5E3CF /* brandnames.sqlite */; };
		A3E9DDB716E2C20900F5E3CF /* popularnames.m in Sources */ = {isa = PBXBuildFile; fileRef = A3E9DDB616E2C20900F5E3CF /* popularnames.m */; };
		A3E9DDBA16E2C2C400F5E3CF /* names.m in Sources */ = {isa = PBXBuildFile; fileRef = A3E9DDB916E2C2C400F5E3CF /* names.m */; };
		A3E9DDC016E2CA8D00F5E3CF /* search.m in Sources */ = {isa = PBXBuildFile; fileRef = A3E9DDBF16E2CA8D00F5E3CF /* search.m */; };
		A3E9DDC216E2CD9900F5E3CF /* background1.jpg in Resources */ = {isa = PBXBuildFile; fileRef = A3E9DDC116E2CD9900F5E3CF /* background1.jpg */; };
		A3E9DDC616E2D2B800F5E3CF /* support.png in Resources */ = {isa = PBXBuildFile; fileRef = A3E9DDC516E2D2B800F5E3CF /* support.png */; };
		A3E9DDC816E2D98400F5E3CF /* favorites.png in Resources */ = {isa = PBXBuildFile; fileRef = A3E9DDC716E2D98400F5E3CF /* favorites.png */; };
		A3E9DDCA16E2DA3200F5E3CF /* search.png in Resources */ = {isa = PBXBuildFile; fileRef = A3E9DDC916E2DA3200F5E3CF /* search.png */; };
		A3E9DDCC16E2DB7300F5E3CF /* chart.png in Resources */ = {isa = PBXBuildFile; fileRef = A3E9DDCB16E2DB7300F5E3CF /* chart.png */; };
		A3F3650916E5785800B6C0D5 /* graph.m in Sources */ = {isa = PBXBuildFile; fileRef = A3F3650816E5785800B6C0D5 /* graph.m */; };
		A3F3650A16E57C3700B6C0D5 /* libCorePlot-CocoaTouch.a in Frameworks */ = {isa = PBXBuildFile; fileRef = A3B0CDC916E42FB9001EF5B4 /* libCorePlot-CocoaTouch.a */; };
		A3F3651916E82B7700B6C0D5 /* icon_2.png in Resources */ = {isa = PBXBuildFile; fileRef = A3F3651816E82B7700B6C0D5 /* icon_2.png */; };
		A3F3651B16E82B7A00B6C0D5 /* icon_1.png in Resources */ = {isa = PBXBuildFile; fileRef = A3F3651A16E82B7A00B6C0D5 /* icon_1.png */; };
		A3FA0B0916F400C3009C96C8 /* trdiagwin.png in Resources */ = {isa = PBXBuildFile; fileRef = A3FA0B0816F400C3009C96C8 /* trdiagwin.png */; };
/* End PBXBuildFile section */

/* Begin PBXContainerItemProxy section */
		A3B0CDC816E42FB9001EF5B4 /* PBXContainerItemProxy */ = {
			isa = PBXContainerItemProxy;
			containerPortal = A3B0CDB616E42BF9001EF5B4 /* CorePlot-CocoaTouch.xcodeproj */;
			proxyType = 2;
			remoteGlobalIDString = BC9B83470FB8A0A40035D8DA;
			remoteInfo = "CorePlot-CocoaTouch";
		};
		A3F3650B16E57C4800B6C0D5 /* PBXContainerItemProxy */ = {
			isa = PBXContainerItemProxy;
			containerPortal = A3B0CDB616E42BF9001EF5B4 /* CorePlot-CocoaTouch.xcodeproj */;
			proxyType = 1;
			remoteGlobalIDString = BC9B83460FB8A0A40035D8DA;
			remoteInfo = "CorePlot-CocoaTouch";
		};
/* End PBXContainerItemProxy section */

/* Begin PBXFileReference section */
		A35AE8F716EAD5C200288C41 /* Social.framework */ = {isa = PBXFileReference; lastKnownFileType = wrapper.framework; name = Social.framework; path = System/Library/Frameworks/Social.framework; sourceTree = SDKROOT; };
		A35AE8F916EBB5EC00288C41 /* namecellCell.h */ = {isa = PBXFileReference; fileEncoding = 4; lastKnownFileType = sourcecode.c.h; path = namecellCell.h; sourceTree = "<group>"; };
		A35AE8FA16EBB5ED00288C41 /* namecellCell.m */ = {isa = PBXFileReference; fileEncoding = 4; lastKnownFileType = sourcecode.c.objc; path = namecellCell.m; sourceTree = "<group>"; };
		A35AE8FC16EBB7C800288C41 /* namecell.xib */ = {isa = PBXFileReference; fileEncoding = 4; lastKnownFileType = file.xib; path = namecell.xib; sourceTree = "<group>"; };
		A35AE8FF16EBC85C00288C41 /* animal_number_0.png */ = {isa = PBXFileReference; lastKnownFileType = image.png; path = animal_number_0.png; sourceTree = "<group>"; };
		A35AE90016EBC85C00288C41 /* animal_number_1.png */ = {isa = PBXFileReference; lastKnownFileType = image.png; path = animal_number_1.png; sourceTree = "<group>"; };
		A35AE90116EBC85C00288C41 /* animal_number_2.png */ = {isa = PBXFileReference; lastKnownFileType = image.png; path = animal_number_2.png; sourceTree = "<group>"; };
		A35AE90216EBC85C00288C41 /* animal_number_3.png */ = {isa = PBXFileReference; lastKnownFileType = image.png; path = animal_number_3.png; sourceTree = "<group>"; };
		A35AE90316EBC85C00288C41 /* animal_number_4.png */ = {isa = PBXFileReference; lastKnownFileType = image.png; path = animal_number_4.png; sourceTree = "<group>"; };
		A35AE90416EBC85C00288C41 /* animal_number_5.png */ = {isa = PBXFileReference; lastKnownFileType = image.png; path = animal_number_5.png; sourceTree = "<group>"; };
		A35AE90516EBC85C00288C41 /* animal_number_6.png */ = {isa = PBXFileReference; lastKnownFileType = image.png; path = animal_number_6.png; sourceTree = "<group>"; };
		A35AE90616EBC85C00288C41 /* animal_number_7.png */ = {isa = PBXFileReference; lastKnownFileType = image.png; path = animal_number_7.png; sourceTree = "<group>"; };
		A35AE90716EBC85C00288C41 /* animal_number_8.png */ = {isa = PBXFileReference; lastKnownFileType = image.png; path = animal_number_8.png; sourceTree = "<group>"; };
		A35AE90816EBC85C00288C41 /* animal_number_9.png */ = {isa = PBXFileReference; lastKnownFileType = image.png; path = animal_number_9.png; sourceTree = "<group>"; };
		A35AE91316EBF79B00288C41 /* calendar.ico */ = {isa = PBXFileReference; lastKnownFileType = image.ico; path = calendar.ico; sourceTree = "<group>"; };
		A35AE91716ED039100288C41 /* twitter.png */ = {isa = PBXFileReference; lastKnownFileType = image.png; path = twitter.png; sourceTree = "<group>"; };
		A35AE91916ED2ABD00288C41 /* searchcellCell.h */ = {isa = PBXFileReference; fileEncoding = 4; lastKnownFileType = sourcecode.c.h; path = searchcellCell.h; sourceTree = "<group>"; };
		A35AE91A16ED2ABE00288C41 /* searchcellCell.m */ = {isa = PBXFileReference; fileEncoding = 4; lastKnownFileType = sourcecode.c.objc; path = searchcellCell.m; sourceTree = "<group>"; };
		A35AE91C16ED2AD400288C41 /* searchcell.xib */ = {isa = PBXFileReference; fileEncoding = 4; lastKnownFileType = file.xib; path = searchcell.xib; sourceTree = "<group>"; };
		A35AE91E16ED3D8700288C41 /* Unisex.ico */ = {isa = PBXFileReference; lastKnownFileType = image.ico; path = Unisex.ico; sourceTree = "<group>"; };
		A35AE92016ED3E5F00288C41 /* unisex.h */ = {isa = PBXFileReference; fileEncoding = 4; lastKnownFileType = sourcecode.c.h; path = unisex.h; sourceTree = "<group>"; };
		A35AE92116ED3E5F00288C41 /* unisex.m */ = {isa = PBXFileReference; fileEncoding = 4; lastKnownFileType = sourcecode.c.objc; path = unisex.m; sourceTree = "<group>"; };
		A35AE92316ED432700288C41 /* unisexCell.h */ = {isa = PBXFileReference; fileEncoding = 4; lastKnownFileType = sourcecode.c.h; path = unisexCell.h; sourceTree = "<group>"; };
		A35AE92416ED432800288C41 /* unisexCell.m */ = {isa = PBXFileReference; fileEncoding = 4; lastKnownFileType = sourcecode.c.objc; path = unisexCell.m; sourceTree = "<group>"; };
		A35AE92616ED433F00288C41 /* unisex.xib */ = {isa = PBXFileReference; fileEncoding = 4; lastKnownFileType = file.xib; path = unisex.xib; sourceTree = "<group>"; };
		A36C082716ED586D00395146 /* E-mail-icon.png */ = {isa = PBXFileReference; lastKnownFileType = image.png; path = "E-mail-icon.png"; sourceTree = "<group>"; };
		A36C082916ED59D400395146 /* MessageUI.framework */ = {isa = PBXFileReference; lastKnownFileType = wrapper.framework; name = MessageUI.framework; path = System/Library/Frameworks/MessageUI.framework; sourceTree = SDKROOT; };
		A379C43716E3B6CB005133EE /* background2.jpg */ = {isa = PBXFileReference; lastKnownFileType = image.jpeg; path = background2.jpg; sourceTree = "<group>"; };
		A379C43916E3B882005133EE /* help_and_support.ico */ = {isa = PBXFileReference; lastKnownFileType = image.ico; path = help_and_support.ico; sourceTree = "<group>"; };
		A379C43B16E3C156005133EE /* Settings.bundle */ = {isa = PBXFileReference; lastKnownFileType = "wrapper.plug-in"; path = Settings.bundle; sourceTree = "<group>"; };
		A3B0CDB016E41AF5001EF5B4 /* gamecenter.jpg */ = {isa = PBXFileReference; lastKnownFileType = image.jpeg; path = gamecenter.jpg; sourceTree = "<group>"; };
		A3B0CDB416E41F58001EF5B4 /* Podium.png */ = {isa = PBXFileReference; lastKnownFileType = image.png; path = Podium.png; sourceTree = "<group>"; };
		A3B0CDB616E42BF9001EF5B4 /* CorePlot-CocoaTouch.xcodeproj */ = {isa = PBXFileReference; lastKnownFileType = "wrapper.pb-project"; name = "CorePlot-CocoaTouch.xcodeproj"; path = "../../../CorePlot_1-1.1/Source/framework/CorePlot-CocoaTouch.xcodeproj"; sourceTree = "<group>"; };
		A3B0CDC116E42F7F001EF5B4 /* QuartzCore.framework */ = {isa = PBXFileReference; lastKnownFileType = wrapper.framework; name = QuartzCore.framework; path = System/Library/Frameworks/QuartzCore.framework; sourceTree = SDKROOT; };
		A3E9DD5216E28D2600F5E3CF /* Baby Brands.app */ = {isa = PBXFileReference; explicitFileType = wrapper.application; includeInIndex = 0; path = "Baby Brands.app"; sourceTree = BUILT_PRODUCTS_DIR; };
		A3E9DD5516E28D2600F5E3CF /* UIKit.framework */ = {isa = PBXFileReference; lastKnownFileType = wrapper.framework; name = UIKit.framework; path = System/Library/Frameworks/UIKit.framework; sourceTree = SDKROOT; };
		A3E9DD5716E28D2600F5E3CF /* Foundation.framework */ = {isa = PBXFileReference; lastKnownFileType = wrapper.framework; name = Foundation.framework; path = System/Library/Frameworks/Foundation.framework; sourceTree = SDKROOT; };
		A3E9DD5916E28D2600F5E3CF /* CoreGraphics.framework */ = {isa = PBXFileReference; lastKnownFileType = wrapper.framework; name = CoreGraphics.framework; path = System/Library/Frameworks/CoreGraphics.framework; sourceTree = SDKROOT; };
		A3E9DD5D16E28D2600F5E3CF /* Baby Brands-Info.plist */ = {isa = PBXFileReference; lastKnownFileType = text.plist.xml; path = "Baby Brands-Info.plist"; sourceTree = "<group>"; };
		A3E9DD5F16E28D2600F5E3CF /* en */ = {isa = PBXFileReference; lastKnownFileType = text.plist.strings; name = en; path = en.lproj/InfoPlist.strings; sourceTree = "<group>"; };
		A3E9DD6116E28D2600F5E3CF /* main.m */ = {isa = PBXFileReference; lastKnownFileType = sourcecode.c.objc; path = main.m; sourceTree = "<group>"; };
		A3E9DD6316E28D2600F5E3CF /* Baby Brands-Prefix.pch */ = {isa = PBXFileReference; lastKnownFileType = sourcecode.c.h; path = "Baby Brands-Prefix.pch"; sourceTree = "<group>"; };
		A3E9DD6416E28D2600F5E3CF /* AppDelegate.h */ = {isa = PBXFileReference; lastKnownFileType = sourcecode.c.h; path = AppDelegate.h; sourceTree = "<group>"; };
		A3E9DD6516E28D2600F5E3CF /* AppDelegate.m */ = {isa = PBXFileReference; lastKnownFileType = sourcecode.c.objc; path = AppDelegate.m; sourceTree = "<group>"; };
		A3E9DD6716E28D2600F5E3CF /* Default.png */ = {isa = PBXFileReference; lastKnownFileType = image.png; path = Default.png; sourceTree = "<group>"; };
		A3E9DD6916E28D2600F5E3CF /* Default@2x.png */ = {isa = PBXFileReference; lastKnownFileType = image.png; path = "Default@2x.png"; sourceTree = "<group>"; };
		A3E9DD6B16E28D2600F5E3CF /* Default-568h@2x.png */ = {isa = PBXFileReference; lastKnownFileType = image.png; path = "Default-568h@2x.png"; sourceTree = "<group>"; };
		A3E9DD6E16E28D2600F5E3CF /* en */ = {isa = PBXFileReference; lastKnownFileType = file.storyboard; name = en; path = en.lproj/iPhone5.storyboard; sourceTree = "<group>"; };
		A3E9DD7116E28D2600F5E3CF /* en */ = {isa = PBXFileReference; lastKnownFileType = file.storyboard; name = en; path = en.lproj/iPad.storyboard; sourceTree = "<group>"; };
		A3E9DD7316E28D2600F5E3CF /* ViewController.h */ = {isa = PBXFileReference; lastKnownFileType = sourcecode.c.h; path = ViewController.h; sourceTree = "<group>"; };
		A3E9DD7416E28D2600F5E3CF /* ViewController.m */ = {isa = PBXFileReference; lastKnownFileType = sourcecode.c.objc; path = ViewController.m; sourceTree = "<group>"; };
		A3E9DD7C16E2916E00F5E3CF /* en */ = {isa = PBXFileReference; lastKnownFileType = file.storyboard; name = en; path = en.lproj/iPhone4.storyboard; sourceTree = "<group>"; };
		A3E9DD8116E2ABBB00F5E3CF /* welcome-ipad.jpg */ = {isa = PBXFileReference; lastKnownFileType = image.jpeg; path = "welcome-ipad.jpg"; sourceTree = "<group>"; };
		A3E9DD8616E2BEF700F5E3CF /* support.h */ = {isa = PBXFileReference; fileEncoding = 4; lastKnownFileType = sourcecode.c.h; path = support.h; sourceTree = "<group>"; };
		A3E9DD8716E2BEF700F5E3CF /* support.m */ = {isa = PBXFileReference; fileEncoding = 4; lastKnownFileType = sourcecode.c.objc; path = support.m; sourceTree = "<group>"; };
		A3E9DD8916E2BF1B00F5E3CF /* tictactoe_game.h */ = {isa = PBXFileReference; fileEncoding = 4; lastKnownFileType = sourcecode.c.h; path = tictactoe_game.h; sourceTree = "<group>"; };
		A3E9DD8A16E2BF1B00F5E3CF /* tictactoe_game.m */ = {isa = PBXFileReference; fileEncoding = 4; lastKnownFileType = sourcecode.c.objc; path = tictactoe_game.m; sourceTree = "<group>"; };
		A3E9DD8C16E2BF8A00F5E3CF /* GameKit.framework */ = {isa = PBXFileReference; lastKnownFileType = wrapper.framework; name = GameKit.framework; path = System/Library/Frameworks/GameKit.framework; sourceTree = SDKROOT; };
		A3E9DD8E16E2BF9C00F5E3CF /* libsqlite3.dylib */ = {isa = PBXFileReference; lastKnownFileType = "compiled.mach-o.dylib"; name = libsqlite3.dylib; path = usr/lib/libsqlite3.dylib; sourceTree = SDKROOT; };
		A3E9DD9016E2BFD800F5E3CF /* brandnames.sqlite */ = {isa = PBXFileReference; lastKnownFileType = file; path = brandnames.sqlite; sourceTree = "<group>"; };
		A3E9DD9316E2C08C00F5E3CF /* blank.png */ = {isa = PBXFileReference; lastKnownFileType = image.png; path = blank.png; sourceTree = "<group>"; };
		A3E9DD9416E2C08C00F5E3CF /* o.png */ = {isa = PBXFileReference; lastKnownFileType = image.png; path = o.png; sourceTree = "<group>"; };
		A3E9DD9516E2C08C00F5E3CF /* o1.png */ = {isa = PBXFileReference; lastKnownFileType = image.png; path = o1.png; sourceTree = "<group>"; };
		A3E9DD9616E2C08C00F5E3CF /* x.png */ = {isa = PBXFileReference; lastKnownFileType = image.png; path = x.png; sourceTree = "<group>"; };
		A3E9DD9716E2C08C00F5E3CF /* x1.png */ = {isa = PBXFileReference; lastKnownFileType = image.png; path = x1.png; sourceTree = "<group>"; };
		A3E9DD9E16E2C0D900F5E3CF /* United-States-Flag-icon.png */ = {isa = PBXFileReference; lastKnownFileType = image.png; path = "United-States-Flag-icon.png"; sourceTree = "<group>"; };
		A3E9DD9F16E2C0D900F5E3CF /* Canada-Flag-icon.png */ = {isa = PBXFileReference; lastKnownFileType = image.png; path = "Canada-Flag-icon.png"; sourceTree = "<group>"; };
		A3E9DDA316E2C10900F5E3CF /* FMDatabase.h */ = {isa = PBXFileReference; lastKnownFileType = sourcecode.c.h; path = FMDatabase.h; sourceTree = "<group>"; };
		A3E9DDA416E2C10900F5E3CF /* FMDatabase.m */ = {isa = PBXFileReference; lastKnownFileType = sourcecode.c.objc; path = FMDatabase.m; sourceTree = "<group>"; };
		A3E9DDA516E2C10900F5E3CF /* FMDatabaseAdditions.h */ = {isa = PBXFileReference; lastKnownFileType = sourcecode.c.h; path = FMDatabaseAdditions.h; sourceTree = "<group>"; };
		A3E9DDA616E2C10900F5E3CF /* FMDatabaseAdditions.m */ = {isa = PBXFileReference; lastKnownFileType = sourcecode.c.objc; path = FMDatabaseAdditions.m; sourceTree = "<group>"; };
		A3E9DDA716E2C10900F5E3CF /* FMDatabasePool.h */ = {isa = PBXFileReference; lastKnownFileType = sourcecode.c.h; path = FMDatabasePool.h; sourceTree = "<group>"; };
		A3E9DDA816E2C10900F5E3CF /* FMDatabasePool.m */ = {isa = PBXFileReference; lastKnownFileType = sourcecode.c.objc; path = FMDatabasePool.m; sourceTree = "<group>"; };
		A3E9DDA916E2C10900F5E3CF /* FMDatabaseQueue.h */ = {isa = PBXFileReference; lastKnownFileType = sourcecode.c.h; path = FMDatabaseQueue.h; sourceTree = "<group>"; };
		A3E9DDAA16E2C10900F5E3CF /* FMDatabaseQueue.m */ = {isa = PBXFileReference; lastKnownFileType = sourcecode.c.objc; path = FMDatabaseQueue.m; sourceTree = "<group>"; };
		A3E9DDAB16E2C10900F5E3CF /* fmdb_Prefix.pch */ = {isa = PBXFileReference; lastKnownFileType = sourcecode.c.h; path = fmdb_Prefix.pch; sourceTree = "<group>"; };
		A3E9DDAC16E2C10900F5E3CF /* FMResultSet.h */ = {isa = PBXFileReference; lastKnownFileType = sourcecode.c.h; path = FMResultSet.h; sourceTree = "<group>"; };
		A3E9DDAD16E2C10900F5E3CF /* FMResultSet.m */ = {isa = PBXFileReference; lastKnownFileType = sourcecode.c.objc; path = FMResultSet.m; sourceTree = "<group>"; };
		A3E9DDAE16E2C14100F5E3CF /* Female.ico */ = {isa = PBXFileReference; lastKnownFileType = image.ico; path = Female.ico; sourceTree = "<group>"; };
		A3E9DDAF16E2C14100F5E3CF /* Male.ico */ = {isa = PBXFileReference; lastKnownFileType = image.ico; path = Male.ico; sourceTree = "<group>"; };
		A3E9DDB216E2C17000F5E3CF /* tic-tac-toe.png */ = {isa = PBXFileReference; lastKnownFileType = image.png; path = "tic-tac-toe.png"; sourceTree = "<group>"; };
		A3E9DDB516E2C20900F5E3CF /* popularnames.h */ = {isa = PBXFileReference; fileEncoding = 4; lastKnownFileType = sourcecode.c.h; name = popularnames.h; path = ../popularnames.h; sourceTree = "<group>"; };
		A3E9DDB616E2C20900F5E3CF /* popularnames.m */ = {isa = PBXFileReference; fileEncoding = 4; lastKnownFileType = sourcecode.c.objc; name = popularnames.m; path = ../popularnames.m; sourceTree = "<group>"; };
		A3E9DDB816E2C2C400F5E3CF /* names.h */ = {isa = PBXFileReference; fileEncoding = 4; lastKnownFileType = sourcecode.c.h; path = names.h; sourceTree = "<group>"; };
		A3E9DDB916E2C2C400F5E3CF /* names.m */ = {isa = PBXFileReference; fileEncoding = 4; lastKnownFileType = sourcecode.c.objc; path = names.m; sourceTree = "<group>"; };
		A3E9DDBE16E2CA8D00F5E3CF /* search.h */ = {isa = PBXFileReference; fileEncoding = 4; lastKnownFileType = sourcecode.c.h; name = search.h; path = ../search.h; sourceTree = "<group>"; };
		A3E9DDBF16E2CA8D00F5E3CF /* search.m */ = {isa = PBXFileReference; fileEncoding = 4; lastKnownFileType = sourcecode.c.objc; name = search.m; path = ../search.m; sourceTree = "<group>"; };
		A3E9DDC116E2CD9900F5E3CF /* background1.jpg */ = {isa = PBXFileReference; lastKnownFileType = image.jpeg; path = background1.jpg; sourceTree = "<group>"; };
		A3E9DDC316E2D16100F5E3CF /* DTCustomColoredAccessory.h */ = {isa = PBXFileReference; lastKnownFileType = sourcecode.c.h; path = DTCustomColoredAccessory.h; sourceTree = "<group>"; };
		A3E9DDC416E2D16100F5E3CF /* DTCustomColoredAccessory.m */ = {isa = PBXFileReference; lastKnownFileType = sourcecode.c.objc; path = DTCustomColoredAccessory.m; sourceTree = "<group>"; };
		A3E9DDC516E2D2B800F5E3CF /* support.png */ = {isa = PBXFileReference; lastKnownFileType = image.png; path = support.png; sourceTree = "<group>"; };
		A3E9DDC716E2D98400F5E3CF /* favorites.png */ = {isa = PBXFileReference; lastKnownFileType = image.png; path = favorites.png; sourceTree = "<group>"; };
		A3E9DDC916E2DA3200F5E3CF /* search.png */ = {isa = PBXFileReference; lastKnownFileType = image.png; path = search.png; sourceTree = "<group>"; };
		A3E9DDCB16E2DB7300F5E3CF /* chart.png */ = {isa = PBXFileReference; lastKnownFileType = image.png; path = chart.png; sourceTree = "<group>"; };
		A3E9DDCD16E2F03500F5E3CF /* TicTacToe.m */ = {isa = PBXFileReference; lastKnownFileType = sourcecode.c.objc; path = TicTacToe.m; sourceTree = "<group>"; };
		A3E9DDCE16E2F03500F5E3CF /* TicTacToe.h */ = {isa = PBXFileReference; lastKnownFileType = sourcecode.c.h; path = TicTacToe.h; sourceTree = "<group>"; };
		A3F3650716E5785800B6C0D5 /* graph.h */ = {isa = PBXFileReference; fileEncoding = 4; lastKnownFileType = sourcecode.c.h; path = graph.h; sourceTree = "<group>"; };
		A3F3650816E5785800B6C0D5 /* graph.m */ = {isa = PBXFileReference; fileEncoding = 4; lastKnownFileType = sourcecode.c.objc; path = graph.m; sourceTree = "<group>"; };
		A3F3651816E82B7700B6C0D5 /* icon_2.png */ = {isa = PBXFileReference; lastKnownFileType = image.png; path = icon_2.png; sourceTree = "<group>"; };
		A3F3651A16E82B7A00B6C0D5 /* icon_1.png */ = {isa = PBXFileReference; lastKnownFileType = image.png; path = icon_1.png; sourceTree = "<group>"; };
		A3F3651C16E8307A00B6C0D5 /* Baby Brands.entitlements */ = {isa = PBXFileReference; lastKnownFileType = text.xml; path = "Baby Brands.entitlements"; sourceTree = "<group>"; };
		A3FA0B0816F400C3009C96C8 /* trdiagwin.png */ = {isa = PBXFileReference; lastKnownFileType = image.png; name = trdiagwin.png; path = ../../../../trdiagwin.png; sourceTree = "<group>"; };
/* End PBXFileReference section */

/* Begin PBXFrameworksBuildPhase section */
		A3E9DD4F16E28D2600F5E3CF /* Frameworks */ = {
			isa = PBXFrameworksBuildPhase;
			buildActionMask = 2147483647;
			files = (
				A36C082A16ED59D400395146 /* MessageUI.framework in Frameworks */,
				A35AE8F816EAD5C200288C41 /* Social.framework in Frameworks */,
				A3F3650A16E57C3700B6C0D5 /* libCorePlot-CocoaTouch.a in Frameworks */,
				A3B0CDC216E42F7F001EF5B4 /* QuartzCore.framework in Frameworks */,
				A3E9DD8F16E2BF9C00F5E3CF /* libsqlite3.dylib in Frameworks */,
				A3E9DD8D16E2BF8A00F5E3CF /* GameKit.framework in Frameworks */,
				A3E9DD5616E28D2600F5E3CF /* UIKit.framework in Frameworks */,
				A3E9DD5816E28D2600F5E3CF /* Foundation.framework in Frameworks */,
				A3E9DD5A16E28D2600F5E3CF /* CoreGraphics.framework in Frameworks */,
			);
			runOnlyForDeploymentPostprocessing = 0;
		};
/* End PBXFrameworksBuildPhase section */

/* Begin PBXGroup section */
		A35AE8FE16EBC85C00288C41 /* numbers */ = {
			isa = PBXGroup;
			children = (
				A35AE8FF16EBC85C00288C41 /* animal_number_0.png */,
				A35AE90016EBC85C00288C41 /* animal_number_1.png */,
				A35AE90116EBC85C00288C41 /* animal_number_2.png */,
				A35AE90216EBC85C00288C41 /* animal_number_3.png */,
				A35AE90316EBC85C00288C41 /* animal_number_4.png */,
				A35AE90416EBC85C00288C41 /* animal_number_5.png */,
				A35AE90516EBC85C00288C41 /* animal_number_6.png */,
				A35AE90616EBC85C00288C41 /* animal_number_7.png */,
				A35AE90716EBC85C00288C41 /* animal_number_8.png */,
				A35AE90816EBC85C00288C41 /* animal_number_9.png */,
			);
			path = numbers;
			sourceTree = "<group>";
		};
		A3B0CDC316E42FB9001EF5B4 /* Products */ = {
			isa = PBXGroup;
			children = (
				A3B0CDC916E42FB9001EF5B4 /* libCorePlot-CocoaTouch.a */,
			);
			name = Products;
			sourceTree = "<group>";
		};
		A3E9DD4916E28D2600F5E3CF = {
			isa = PBXGroup;
			children = (
				A3B0CDB616E42BF9001EF5B4 /* CorePlot-CocoaTouch.xcodeproj */,
				A3E9DD5B16E28D2600F5E3CF /* Baby Brands */,
				A3E9DD5416E28D2600F5E3CF /* Frameworks */,
				A3E9DD5316E28D2600F5E3CF /* Products */,
			);
			sourceTree = "<group>";
		};
		A3E9DD5316E28D2600F5E3CF /* Products */ = {
			isa = PBXGroup;
			children = (
				A3E9DD5216E28D2600F5E3CF /* Baby Brands.app */,
			);
			name = Products;
			sourceTree = "<group>";
		};
		A3E9DD5416E28D2600F5E3CF /* Frameworks */ = {
			isa = PBXGroup;
			children = (
				A36C082916ED59D400395146 /* MessageUI.framework */,
				A35AE8F716EAD5C200288C41 /* Social.framework */,
				A3B0CDC116E42F7F001EF5B4 /* QuartzCore.framework */,
				A3E9DD8E16E2BF9C00F5E3CF /* libsqlite3.dylib */,
				A3E9DD8C16E2BF8A00F5E3CF /* GameKit.framework */,
				A3E9DD5516E28D2600F5E3CF /* UIKit.framework */,
				A3E9DD5716E28D2600F5E3CF /* Foundation.framework */,
				A3E9DD5916E28D2600F5E3CF /* CoreGraphics.framework */,
			);
			name = Frameworks;
			sourceTree = "<group>";
		};
		A3E9DD5B16E28D2600F5E3CF /* Baby Brands */ = {
			isa = PBXGroup;
			children = (
				A3F3651C16E8307A00B6C0D5 /* Baby Brands.entitlements */,
				A35AE92016ED3E5F00288C41 /* unisex.h */,
				A35AE92116ED3E5F00288C41 /* unisex.m */,
				A35AE92316ED432700288C41 /* unisexCell.h */,
				A35AE92416ED432800288C41 /* unisexCell.m */,
				A35AE92616ED433F00288C41 /* unisex.xib */,
				A3F3650716E5785800B6C0D5 /* graph.h */,
				A3F3650816E5785800B6C0D5 /* graph.m */,
				A3E9DDCD16E2F03500F5E3CF /* TicTacToe.m */,
				A3E9DDCE16E2F03500F5E3CF /* TicTacToe.h */,
				A3E9DDC316E2D16100F5E3CF /* DTCustomColoredAccessory.h */,
				A3E9DDC416E2D16100F5E3CF /* DTCustomColoredAccessory.m */,
				A3E9DDBE16E2CA8D00F5E3CF /* search.h */,
				A3E9DDBF16E2CA8D00F5E3CF /* search.m */,
				A35AE91916ED2ABD00288C41 /* searchcellCell.h */,
				A35AE91A16ED2ABE00288C41 /* searchcellCell.m */,
				A35AE91C16ED2AD400288C41 /* searchcell.xib */,
				A3E9DDB816E2C2C400F5E3CF /* names.h */,
				A3E9DDB916E2C2C400F5E3CF /* names.m */,
				A3E9DDB516E2C20900F5E3CF /* popularnames.h */,
				A3E9DDB616E2C20900F5E3CF /* popularnames.m */,
				A35AE8F916EBB5EC00288C41 /* namecellCell.h */,
				A35AE8FA16EBB5ED00288C41 /* namecellCell.m */,
				A35AE8FC16EBB7C800288C41 /* namecell.xib */,
				A3E9DD8616E2BEF700F5E3CF /* support.h */,
				A3E9DD8716E2BEF700F5E3CF /* support.m */,
				A3E9DD8916E2BF1B00F5E3CF /* tictactoe_game.h */,
				A3E9DD8A16E2BF1B00F5E3CF /* tictactoe_game.m */,
				A3E9DD6416E28D2600F5E3CF /* AppDelegate.h */,
				A3E9DD6516E28D2600F5E3CF /* AppDelegate.m */,
				A3E9DD6D16E28D2600F5E3CF /* iPhone5.storyboard */,
				A3E9DD7B16E2916E00F5E3CF /* iPhone4.storyboard */,
				A3E9DD7016E28D2600F5E3CF /* iPad.storyboard */,
				A3E9DD7316E28D2600F5E3CF /* ViewController.h */,
				A3E9DD7416E28D2600F5E3CF /* ViewController.m */,
				A36C082716ED586D00395146 /* E-mail-icon.png */,
				A3E9DD7E16E2923900F5E3CF /* graphics */,
				A3E9DD5C16E28D2600F5E3CF /* Supporting Files */,
			);
			path = "Baby Brands";
			sourceTree = "<group>";
		};
		A3E9DD5C16E28D2600F5E3CF /* Supporting Files */ = {
			isa = PBXGroup;
			children = (
				A379C43B16E3C156005133EE /* Settings.bundle */,
				A3E9DDA216E2C0EE00F5E3CF /* fmdb */,
				A3E9DD9016E2BFD800F5E3CF /* brandnames.sqlite */,
				A3E9DD5D16E28D2600F5E3CF /* Baby Brands-Info.plist */,
				A3E9DD5E16E28D2600F5E3CF /* InfoPlist.strings */,
				A3E9DD6116E28D2600F5E3CF /* main.m */,
				A3E9DD6316E28D2600F5E3CF /* Baby Brands-Prefix.pch */,
				A3E9DD6716E28D2600F5E3CF /* Default.png */,
				A3E9DD6916E28D2600F5E3CF /* Default@2x.png */,
				A3E9DD6B16E28D2600F5E3CF /* Default-568h@2x.png */,
			);
			name = "Supporting Files";
			sourceTree = "<group>";
		};
		A3E9DD7E16E2923900F5E3CF /* graphics */ = {
			isa = PBXGroup;
			children = (
				A35AE91E16ED3D8700288C41 /* Unisex.ico */,
				A35AE91716ED039100288C41 /* twitter.png */,
				A35AE91316EBF79B00288C41 /* calendar.ico */,
				A35AE8FE16EBC85C00288C41 /* numbers */,
				A3F3651A16E82B7A00B6C0D5 /* icon_1.png */,
				A3F3651816E82B7700B6C0D5 /* icon_2.png */,
				A3B0CDB416E41F58001EF5B4 /* Podium.png */,
				A3B0CDB016E41AF5001EF5B4 /* gamecenter.jpg */,
				A379C43916E3B882005133EE /* help_and_support.ico */,
				A379C43716E3B6CB005133EE /* background2.jpg */,
				A3E9DDCB16E2DB7300F5E3CF /* chart.png */,
				A3E9DDC916E2DA3200F5E3CF /* search.png */,
				A3E9DDC716E2D98400F5E3CF /* favorites.png */,
				A3E9DDC516E2D2B800F5E3CF /* support.png */,
				A3E9DDC116E2CD9900F5E3CF /* background1.jpg */,
				A3E9DDAE16E2C14100F5E3CF /* Female.ico */,
				A3E9DDAF16E2C14100F5E3CF /* Male.ico */,
				A3E9DD9E16E2C0D900F5E3CF /* United-States-Flag-icon.png */,
				A3E9DD9F16E2C0D900F5E3CF /* Canada-Flag-icon.png */,
				A3E9DD9116E2C08C00F5E3CF /* tictactoe */,
				A3E9DD8116E2ABBB00F5E3CF /* welcome-ipad.jpg */,
			);
			name = graphics;
			path = ..;
			sourceTree = "<group>";
		};
		A3E9DD9116E2C08C00F5E3CF /* tictactoe */ = {
			isa = PBXGroup;
			children = (
				A3FA0B0816F400C3009C96C8 /* trdiagwin.png */,
				A3E9DDB216E2C17000F5E3CF /* tic-tac-toe.png */,
				A3E9DD9316E2C08C00F5E3CF /* blank.png */,
				A3E9DD9416E2C08C00F5E3CF /* o.png */,
				A3E9DD9516E2C08C00F5E3CF /* o1.png */,
				A3E9DD9616E2C08C00F5E3CF /* x.png */,
				A3E9DD9716E2C08C00F5E3CF /* x1.png */,
			);
			name = tictactoe;
			path = images;
			sourceTree = "<group>";
		};
		A3E9DDA216E2C0EE00F5E3CF /* fmdb */ = {
			isa = PBXGroup;
			children = (
				A3E9DDA316E2C10900F5E3CF /* FMDatabase.h */,
				A3E9DDA416E2C10900F5E3CF /* FMDatabase.m */,
				A3E9DDA516E2C10900F5E3CF /* FMDatabaseAdditions.h */,
				A3E9DDA616E2C10900F5E3CF /* FMDatabaseAdditions.m */,
				A3E9DDA716E2C10900F5E3CF /* FMDatabasePool.h */,
				A3E9DDA816E2C10900F5E3CF /* FMDatabasePool.m */,
				A3E9DDA916E2C10900F5E3CF /* FMDatabaseQueue.h */,
				A3E9DDAA16E2C10900F5E3CF /* FMDatabaseQueue.m */,
				A3E9DDAB16E2C10900F5E3CF /* fmdb_Prefix.pch */,
				A3E9DDAC16E2C10900F5E3CF /* FMResultSet.h */,
				A3E9DDAD16E2C10900F5E3CF /* FMResultSet.m */,
			);
			name = fmdb;
			sourceTree = "<group>";
		};
/* End PBXGroup section */

/* Begin PBXNativeTarget section */
		A3E9DD5116E28D2600F5E3CF /* Baby Brands */ = {
			isa = PBXNativeTarget;
			buildConfigurationList = A3E9DD7816E28D2600F5E3CF /* Build configuration list for PBXNativeTarget "Baby Brands" */;
			buildPhases = (
				A3E9DD4E16E28D2600F5E3CF /* Sources */,
				A3E9DD4F16E28D2600F5E3CF /* Frameworks */,
				A3E9DD5016E28D2600F5E3CF /* Resources */,
			);
			buildRules = (
			);
			dependencies = (
				A3F3650C16E57C4800B6C0D5 /* PBXTargetDependency */,
			);
			name = "Baby Brands";
			productName = "Baby Brands";
			productReference = A3E9DD5216E28D2600F5E3CF /* Baby Brands.app */;
			productType = "com.apple.product-type.application";
		};
/* End PBXNativeTarget section */

/* Begin PBXProject section */
		A3E9DD4A16E28D2600F5E3CF /* Project object */ = {
			isa = PBXProject;
			attributes = {
				LastUpgradeCheck = 0460;
				ORGANIZATIONNAME = watchthebirdies.com;
			};
			buildConfigurationList = A3E9DD4D16E28D2600F5E3CF /* Build configuration list for PBXProject "Baby Brands" */;
			compatibilityVersion = "Xcode 3.2";
			developmentRegion = English;
			hasScannedForEncodings = 0;
			knownRegions = (
				en,
			);
			mainGroup = A3E9DD4916E28D2600F5E3CF;
			productRefGroup = A3E9DD5316E28D2600F5E3CF /* Products */;
			projectDirPath = "";
			projectReferences = (
				{
					ProductGroup = A3B0CDC316E42FB9001EF5B4 /* Products */;
					ProjectRef = A3B0CDB616E42BF9001EF5B4 /* CorePlot-CocoaTouch.xcodeproj */;
				},
			);
			projectRoot = "";
			targets = (
				A3E9DD5116E28D2600F5E3CF /* Baby Brands */,
			);
		};
/* End PBXProject section */

/* Begin PBXReferenceProxy section */
		A3B0CDC916E42FB9001EF5B4 /* libCorePlot-CocoaTouch.a */ = {
			isa = PBXReferenceProxy;
			fileType = archive.ar;
			path = "libCorePlot-CocoaTouch.a";
			remoteRef = A3B0CDC816E42FB9001EF5B4 /* PBXContainerItemProxy */;
			sourceTree = BUILT_PRODUCTS_DIR;
		};
/* End PBXReferenceProxy section */

/* Begin PBXResourcesBuildPhase section */
		A3E9DD5016E28D2600F5E3CF /* Resources */ = {
			isa = PBXResourcesBuildPhase;
			buildActionMask = 2147483647;
			files = (
				A3E9DDB416E2C1AE00F5E3CF /* brandnames.sqlite in Resources */,
				A3E9DD6016E28D2600F5E3CF /* InfoPlist.strings in Resources */,
				A3E9DD6816E28D2600F5E3CF /* Default.png in Resources */,
				A3E9DD6A16E28D2600F5E3CF /* Default@2x.png in Resources */,
				A3E9DD6C16E28D2600F5E3CF /* Default-568h@2x.png in Resources */,
				A3E9DD6F16E28D2600F5E3CF /* iPhone5.storyboard in Resources */,
				A3E9DD7216E28D2600F5E3CF /* iPad.storyboard in Resources */,
				A3E9DD7D16E2916E00F5E3CF /* iPhone4.storyboard in Resources */,
				A3E9DD8216E2ABBB00F5E3CF /* welcome-ipad.jpg in Resources */,
				A3E9DD9916E2C08C00F5E3CF /* blank.png in Resources */,
				A3E9DD9A16E2C08C00F5E3CF /* o.png in Resources */,
				A3E9DD9B16E2C08C00F5E3CF /* o1.png in Resources */,
				A3E9DD9C16E2C08C00F5E3CF /* x.png in Resources */,
				A3E9DD9D16E2C08C00F5E3CF /* x1.png in Resources */,
				A3E9DDA016E2C0D900F5E3CF /* United-States-Flag-icon.png in Resources */,
				A3E9DDA116E2C0D900F5E3CF /* Canada-Flag-icon.png in Resources */,
				A3E9DDB016E2C14100F5E3CF /* Female.ico in Resources */,
				A3E9DDB116E2C14100F5E3CF /* Male.ico in Resources */,
				A3E9DDB316E2C17000F5E3CF /* tic-tac-toe.png in Resources */,
				A3E9DDC216E2CD9900F5E3CF /* background1.jpg in Resources */,
				A3E9DDC616E2D2B800F5E3CF /* support.png in Resources */,
				A3E9DDC816E2D98400F5E3CF /* favorites.png in Resources */,
				A3E9DDCA16E2DA3200F5E3CF /* search.png in Resources */,
				A3E9DDCC16E2DB7300F5E3CF /* chart.png in Resources */,
				A379C43816E3B6CB005133EE /* background2.jpg in Resources */,
				A379C43A16E3B882005133EE /* help_and_support.ico in Resources */,
				A379C43C16E3C156005133EE /* Settings.bundle in Resources */,
				A3B0CDB116E41AF5001EF5B4 /* gamecenter.jpg in Resources */,
				A3B0CDB516E41F58001EF5B4 /* Podium.png in Resources */,
				A3F3651916E82B7700B6C0D5 /* icon_2.png in Resources */,
				A3F3651B16E82B7A00B6C0D5 /* icon_1.png in Resources */,
				A35AE8FD16EBB7C800288C41 /* namecell.xib in Resources */,
				A35AE90916EBC85C00288C41 /* animal_number_0.png in Resources */,
				A35AE90A16EBC85C00288C41 /* animal_number_1.png in Resources */,
				A35AE90B16EBC85C00288C41 /* animal_number_2.png in Resources */,
				A35AE90C16EBC85C00288C41 /* animal_number_3.png in Resources */,
				A35AE90D16EBC85C00288C41 /* animal_number_4.png in Resources */,
				A35AE90E16EBC85C00288C41 /* animal_number_5.png in Resources */,
				A35AE90F16EBC85C00288C41 /* animal_number_6.png in Resources */,
				A35AE91016EBC85C00288C41 /* animal_number_7.png in Resources */,
				A35AE91116EBC85C00288C41 /* animal_number_8.png in Resources */,
				A35AE91216EBC85C00288C41 /* animal_number_9.png in Resources */,
				A35AE91416EBF79B00288C41 /* calendar.ico in Resources */,
				A35AE91816ED039100288C41 /* twitter.png in Resources */,
				A35AE91D16ED2AD500288C41 /* searchcell.xib in Resources */,
				A35AE91F16ED3D8700288C41 /* Unisex.ico in Resources */,
				A35AE92716ED434000288C41 /* unisex.xib in Resources */,
				A36C082816ED586D00395146 /* E-mail-icon.png in Resources */,
				A3FA0B0916F400C3009C96C8 /* trdiagwin.png in Resources */,
			);
			runOnlyForDeploymentPostprocessing = 0;
		};
/* End PBXResourcesBuildPhase section */

/* Begin PBXSourcesBuildPhase section */
		A3E9DD4E16E28D2600F5E3CF /* Sources */ = {
			isa = PBXSourcesBuildPhase;
			buildActionMask = 2147483647;
			files = (
				A35AE8F316E977DE00288C41 /* DTCustomColoredAccessory.m in Sources */,
				A35AE8EE16E971C500288C41 /* FMDatabase.m in Sources */,
				A35AE8EF16E971C500288C41 /* FMDatabaseAdditions.m in Sources */,
				A35AE8F016E971C500288C41 /* FMDatabasePool.m in Sources */,
				A35AE8F116E971C500288C41 /* FMDatabaseQueue.m in Sources */,
				A35AE8F216E971C500288C41 /* FMResultSet.m in Sources */,
				A379C43D16E3D7F2005133EE /* TicTacToe.m in Sources */,
				A3E9DD6216E28D2600F5E3CF /* main.m in Sources */,
				A3E9DD6616E28D2600F5E3CF /* AppDelegate.m in Sources */,
				A3E9DD7516E28D2600F5E3CF /* ViewController.m in Sources */,
				A3E9DD8816E2BEF700F5E3CF /* support.m in Sources */,
				A3E9DD8B16E2BF1B00F5E3CF /* tictactoe_game.m in Sources */,
				A3E9DDB716E2C20900F5E3CF /* popularnames.m in Sources */,
				A3E9DDBA16E2C2C400F5E3CF /* names.m in Sources */,
				A3E9DDC016E2CA8D00F5E3CF /* search.m in Sources */,
				A3F3650916E5785800B6C0D5 /* graph.m in Sources */,
				A35AE8FB16EBB5ED00288C41 /* namecellCell.m in Sources */,
				A35AE91B16ED2ABF00288C41 /* searchcellCell.m in Sources */,
				A35AE92216ED3E6000288C41 /* unisex.m in Sources */,
				A35AE92516ED432800288C41 /* unisexCell.m in Sources */,
			);
			runOnlyForDeploymentPostprocessing = 0;
		};
/* End PBXSourcesBuildPhase section */

/* Begin PBXTargetDependency section */
		A3F3650C16E57C4800B6C0D5 /* PBXTargetDependency */ = {
			isa = PBXTargetDependency;
			name = "CorePlot-CocoaTouch";
			targetProxy = A3F3650B16E57C4800B6C0D5 /* PBXContainerItemProxy */;
		};
/* End PBXTargetDependency section */

/* Begin PBXVariantGroup section */
		A3E9DD5E16E28D2600F5E3CF /* InfoPlist.strings */ = {
			isa = PBXVariantGroup;
			children = (
				A3E9DD5F16E28D2600F5E3CF /* en */,
			);
			name = InfoPlist.strings;
			sourceTree = "<group>";
		};
		A3E9DD6D16E28D2600F5E3CF /* iPhone5.storyboard */ = {
			isa = PBXVariantGroup;
			children = (
				A3E9DD6E16E28D2600F5E3CF /* en */,
			);
			name = iPhone5.storyboard;
			sourceTree = "<group>";
		};
		A3E9DD7016E28D2600F5E3CF /* iPad.storyboard */ = {
			isa = PBXVariantGroup;
			children = (
				A3E9DD7116E28D2600F5E3CF /* en */,
			);
			name = iPad.storyboard;
			sourceTree = "<group>";
		};
		A3E9DD7B16E2916E00F5E3CF /* iPhone4.storyboard */ = {
			isa = PBXVariantGroup;
			children = (
				A3E9DD7C16E2916E00F5E3CF /* en */,
			);
			name = iPhone4.storyboard;
			sourceTree = "<group>";
		};
/* End PBXVariantGroup section */

/* Begin XCBuildConfiguration section */
		A3E9DD7616E28D2600F5E3CF /* Debug */ = {
			isa = XCBuildConfiguration;
			buildSettings = {
				ALWAYS_SEARCH_USER_PATHS = NO;
				CLANG_CXX_LANGUAGE_STANDARD = "gnu++0x";
				CLANG_CXX_LIBRARY = "libc++";
				CLANG_ENABLE_OBJC_ARC = YES;
				CLANG_WARN_CONSTANT_CONVERSION = YES;
				CLANG_WARN_EMPTY_BODY = YES;
				CLANG_WARN_ENUM_CONVERSION = YES;
				CLANG_WARN_INT_CONVERSION = YES;
				CLANG_WARN__DUPLICATE_METHOD_MATCH = YES;
				CODE_SIGN_IDENTITY = "iPhone Developer";
				"CODE_SIGN_IDENTITY[sdk=iphoneos*]" = "iPhone Developer";
				COPY_PHASE_STRIP = NO;
				GCC_C_LANGUAGE_STANDARD = gnu99;
				GCC_DYNAMIC_NO_PIC = NO;
				GCC_OPTIMIZATION_LEVEL = 0;
				GCC_PREPROCESSOR_DEFINITIONS = (
					"DEBUG=1",
					"$(inherited)",
				);
				GCC_SYMBOLS_PRIVATE_EXTERN = NO;
				GCC_WARN_ABOUT_RETURN_TYPE = YES;
				GCC_WARN_UNINITIALIZED_AUTOS = YES;
				GCC_WARN_UNUSED_VARIABLE = YES;
				"HEADER_SEARCH_PATHS[arch=*]" = .;
				IPHONEOS_DEPLOYMENT_TARGET = 5.1;
				ONLY_ACTIVE_ARCH = YES;
				OTHER_LDFLAGS = "-ObjC";
				PROVISIONING_PROFILE = "";
				SDKROOT = iphoneos;
				TARGETED_DEVICE_FAMILY = "1,2";
			};
			name = Debug;
		};
		A3E9DD7716E28D2600F5E3CF /* Release */ = {
			isa = XCBuildConfiguration;
			buildSettings = {
				ALWAYS_SEARCH_USER_PATHS = NO;
				CLANG_CXX_LANGUAGE_STANDARD = "gnu++0x";
				CLANG_CXX_LIBRARY = "libc++";
				CLANG_ENABLE_OBJC_ARC = YES;
				CLANG_WARN_CONSTANT_CONVERSION = YES;
				CLANG_WARN_EMPTY_BODY = YES;
				CLANG_WARN_ENUM_CONVERSION = YES;
				CLANG_WARN_INT_CONVERSION = YES;
				CLANG_WARN__DUPLICATE_METHOD_MATCH = YES;
				CODE_SIGN_IDENTITY = "iPhone Distribution: D Ryan Lucas";
				"CODE_SIGN_IDENTITY[sdk=iphoneos*]" = "iPhone Distribution";
				COPY_PHASE_STRIP = YES;
				GCC_C_LANGUAGE_STANDARD = gnu99;
				GCC_WARN_ABOUT_RETURN_TYPE = YES;
				GCC_WARN_UNINITIALIZED_AUTOS = YES;
				GCC_WARN_UNUSED_VARIABLE = YES;
				IPHONEOS_DEPLOYMENT_TARGET = 5.1;
				OTHER_CFLAGS = "-DNS_BLOCK_ASSERTIONS=1";
				OTHER_LDFLAGS = "-ObjC";
				PROVISIONING_PROFILE = "501647E0-3028-43D7-AFBE-C4FCE86B46B8";
				"PROVISIONING_PROFILE[sdk=iphoneos*]" = "";
				SDKROOT = iphoneos;
				TARGETED_DEVICE_FAMILY = "1,2";
				VALIDATE_PRODUCT = YES;
			};
			name = Release;
		};
		A3E9DD7916E28D2600F5E3CF /* Debug */ = {
			isa = XCBuildConfiguration;
			buildSettings = {
				ALWAYS_SEARCH_USER_PATHS = YES;
				GCC_PRECOMPILE_PREFIX_HEADER = YES;
				GCC_PREFIX_HEADER = "Baby Brands/Baby Brands-Prefix.pch";
				HEADER_SEARCH_PATHS = (
					"<Multiple",
					"values>/**",
					"/Users/drlucas/Desktop/CorePlot_1-1.1/Source/**",
				);
				INFOPLIST_FILE = "Baby Brands/Baby Brands-Info.plist";
				LIBRARY_SEARCH_PATHS = (
					"$(inherited)",
					"\"$(SRCROOT)\"",
				);
				PRODUCT_NAME = "$(TARGET_NAME)";
				WRAPPER_EXTENSION = app;
			};
			name = Debug;
		};
		A3E9DD7A16E28D2600F5E3CF /* Release */ = {
			isa = XCBuildConfiguration;
			buildSettings = {
				ALWAYS_SEARCH_USER_PATHS = YES;
				GCC_PRECOMPILE_PREFIX_HEADER = YES;
				GCC_PREFIX_HEADER = "Baby Brands/Baby Brands-Prefix.pch";
				HEADER_SEARCH_PATHS = (
					"<Multiple",
					"values>/**",
					"/Users/drlucas/Desktop/CorePlot_1-1.1/Source/**",
				);
				INFOPLIST_FILE = "Baby Brands/Baby Brands-Info.plist";
				LIBRARY_SEARCH_PATHS = (
					"$(inherited)",
					"\"$(SRCROOT)\"",
				);
				PRODUCT_NAME = "$(TARGET_NAME)";
				WRAPPER_EXTENSION = app;
			};
			name = Release;
		};
/* End XCBuildConfiguration section */

/* Begin XCConfigurationList section */
		A3E9DD4D16E28D2600F5E3CF /* Build configuration list for PBXProject "Baby Brands" */ = {
			isa = XCConfigurationList;
			buildConfigurations = (
				A3E9DD7616E28D2600F5E3CF /* Debug */,
				A3E9DD7716E28D2600F5E3CF /* Release */,
			);
			defaultConfigurationIsVisible = 0;
			defaultConfigurationName = Release;
		};
		A3E9DD7816E28D2600F5E3CF /* Build configuration list for PBXNativeTarget "Baby Brands" */ = {
			isa = XCConfigurationList;
			buildConfigurations = (
				A3E9DD7916E28D2600F5E3CF /* Debug */,
				A3E9DD7A16E28D2600F5E3CF /* Release */,
			);
			defaultConfigurationIsVisible = 0;
			defaultConfigurationName = Release;
		};
/* End XCConfigurationList section */
	};
	rootObject = A3E9DD4A16E28D2600F5E3CF /* Project object */;
}
